
Microsoft Visual Studio Solution File, Format Version 12.00
# Visual Studio Version 17
VisualStudioVersion = 17.7.34024.191
MinimumVisualStudioVersion = 10.0.40219.1
Project("{FAE04EC0-301F-11D3-BF4B-00C04F79EFBC}") = "UnderstandingArrays", "UnderstandingArrays.csproj", "{6D8F30AE-BA4A-4ECB-9D85-77DAD9CE5C79}"
EndProject
Global
	GlobalSection(SolutionConfigurationPlatforms) = preSolution
		Debug|Any CPU = Debug|Any CPU
		Release|Any CPU = Release|Any CPU
	EndGlobalSection
	GlobalSection(ProjectConfigurationPlatforms) = postSolution
		{6D8F30AE-BA4A-4ECB-9D85-77DAD9CE5C79}.Debug|Any CPU.ActiveCfg = Debug|Any CPU
		{6D8F30AE-BA4A-4ECB-9D85-77DAD9CE5C79}.Debug|Any CPU.Build.0 = Debug|Any CPU
		{6D8F30AE-BA4A-4ECB-9D85-77DAD9CE5C79}.Release|Any CPU.ActiveCfg = Release|Any CPU
		{6D8F30AE-BA4A-4ECB-9D85-77DAD9CE5C79}.Release|Any CPU.Build.0 = Release|Any CPU
	EndGlobalSection
	GlobalSection(SolutionProperties) = preSolution
		HideSolutionNode = FALSE
	EndGlobalSection
	GlobalSection(ExtensibilityGlobals) = postSolution
		SolutionGuid = {41B4BE6E-DA66-40E1-9CD8-78E5A1EAD7B8}
	EndGlobalSection
EndGlobal
